<?xml version="1.0" encoding="utf-8"?>
<Project ToolsVersion="4.0" xmlns="http://schemas.microsoft.com/developer/msbuild/2003">
  <ItemGroup>
    <Filter Include="Source Files">
      <UniqueIdentifier>{4FC737F1-C7A5-4376-A066-2A32D752A2FF}</UniqueIdentifier>
      <Extensions>qml;cpp;c;cc;cxx;def;odl;idl;hpj;bat;asm;asmx</Extensions>
    </Filter>
    <Filter Include="Header Files">
      <UniqueIdentifier>{93995380-89BD-4b04-88EB-625FBE52EBFB}</UniqueIdentifier>
      <Extensions>h;hh;hpp;hxx;hm;inl;inc;xsd</Extensions>
    </Filter>
    <Filter Include="Resource Files">
      <UniqueIdentifier>{67DA6AB6-F800-4c08-8B7A-83BB121AAD01}</UniqueIdentifier>
      <Extensions>qrc;rc;ico;cur;bmp;dlg;rc2;rct;bin;rgs;gif;jpg;jpeg;jpe;resx;tiff;tif;png;wav;mfcribbon-ms</Extensions>
    </Filter>
    <Filter Include="Form Files">
      <UniqueIdentifier>{99349809-55BA-4b9d-BF79-8FDBB0286EB3}</UniqueIdentifier>
      <Extensions>ui</Extensions>
    </Filter>
    <Filter Include="Translation Files">
      <UniqueIdentifier>{639EADAA-A684-42e4-A9AD-28FC9BCB8F7C}</UniqueIdentifier>
      <Extensions>ts</Extensions>
    </Filter>
  </ItemGroup>
  <ItemGroup>
    <ClInclude Include="external\mpv\client.h">
      <Filter>Header Files</Filter>
    </ClInclude>
    <ClInclude Include="external\mpv\render.h">
      <Filter>Header Files</Filter>
    </ClInclude>
    <ClInclude Include="external\mpv\render_gl.h">
      <Filter>Header Files</Filter>
    </ClInclude>
    <ClInclude Include="external\mpv\stream_cb.h">
      <Filter>Header Files</Filter>
    </ClInclude>
    <ClInclude Include="external\mpvcpp\code\mpvEndFileReason.hpp">
      <Filter>Header Files</Filter>
    </ClInclude>
    <ClInclude Include="external\mpvcpp\code\mpvError.hpp">
      <Filter>Header Files</Filter>
    </ClInclude>
    <ClInclude Include="external\mpvcpp\code\mpvEventID.hpp">
      <Filter>Header Files</Filter>
    </ClInclude>
    <ClInclude Include="external\mpvcpp\code\mpvFormat.hpp">
      <Filter>Header Files</Filter>
    </ClInclude>
    <ClInclude Include="external\mpvcpp\code\mpvLogLevel.hpp">
      <Filter>Header Files</Filter>
    </ClInclude>
    <ClInclude Include="external\mpvcpp\render\mpvRenderContext.hpp">
      <Filter>Header Files</Filter>
    </ClInclude>
    <ClInclude Include="external\mpvcpp\render\mpvRenderFrameInfo.hpp">
      <Filter>Header Files</Filter>
    </ClInclude>
    <ClInclude Include="external\mpvcpp\render\mpvRenderFrameInfoType.hpp">
      <Filter>Header Files</Filter>
    </ClInclude>
    <ClInclude Include="external\mpvcpp\render\mpvRenderParam.hpp">
      <Filter>Header Files</Filter>
    </ClInclude>
    <ClInclude Include="external\mpvcpp\render\mpvRenderParamType.hpp">
      <Filter>Header Files</Filter>
    </ClInclude>
    <ClInclude Include="external\mpvcpp\subEvent\mpvClientEvent.hpp">
      <Filter>Header Files</Filter>
    </ClInclude>
    <ClInclude Include="external\mpvcpp\subEvent\mpvCommandEvent.hpp">
      <Filter>Header Files</Filter>
    </ClInclude>
    <ClInclude Include="external\mpvcpp\subEvent\mpvEndFileEvent.hpp">
      <Filter>Header Files</Filter>
    </ClInclude>
    <ClInclude Include="external\mpvcpp\subEvent\mpvHookEvent.hpp">
      <Filter>Header Files</Filter>
    </ClInclude>
    <ClInclude Include="external\mpvcpp\subEvent\mpvLogEvent.hpp">
      <Filter>Header Files</Filter>
    </ClInclude>
    <ClInclude Include="external\mpvcpp\subEvent\mpvPropertyEvent.hpp">
      <Filter>Header Files</Filter>
    </ClInclude>
    <ClInclude Include="external\mpvcpp\subEvent\mpvStartFileEvent.hpp">
      <Filter>Header Files</Filter>
    </ClInclude>
    <ClInclude Include="external\mpvcpp\mpvCommand.hpp">
      <Filter>Header Files</Filter>
    </ClInclude>
    <ClInclude Include="external\mpvcpp\mpvEvent.hpp">
      <Filter>Header Files</Filter>
    </ClInclude>
    <ClInclude Include="external\mpvcpp\mpvHandle.hpp">
      <Filter>Header Files</Filter>
    </ClInclude>
    <ClInclude Include="external\mpvcpp\mpvNode.hpp">
      <Filter>Header Files</Filter>
    </ClInclude>
    <ClInclude Include="external\mpvcpp\mpvProperty.hpp">
      <Filter>Header Files</Filter>
    </ClInclude>
    <ClInclude Include="src\UI\Surface\TrayIcon\TrayIcon.hpp">
      <Filter>Header Files</Filter>
    </ClInclude>
    <ClInclude Include="resource.h">
      <Filter>Header Files</Filter>
    </ClInclude>
    <ClInclude Include="src\UI\Basic\MediaWidget.hpp">
      <Filter>Header Files</Filter>
    </ClInclude>
    <ClInclude Include="src\UI\Basic\PushButton.hpp">
      <Filter>Header Files</Filter>
    </ClInclude>
    <ClInclude Include="src\UI\Basic\Widget.hpp">
      <Filter>Header Files</Filter>
    </ClInclude>
    <ClInclude Include="src\UI\Data\DisplayInfo\DisplayInfo.hpp">
      <Filter>Header Files</Filter>
    </ClInclude>
    <ClInclude Include="src\UI\Data\ScreenInfo\ScreenInfo.hpp">
      <Filter>Header Files</Filter>
    </ClInclude>
    <ClInclude Include="src\UI\Data\ShellWindow\ShellWindow.hpp">
      <Filter>Header Files</Filter>
    </ClInclude>
    <ClInclude Include="src\UI\Data\TerminalInfo\TerminalInfo.hpp">
      <Filter>Header Files</Filter>
    </ClInclude>
    <ClInclude Include="src\UI\Data\Translator\Translator.hpp">
      <Filter>Header Files</Filter>
    </ClInclude>
    <ClInclude Include="src\UI\Data\Json.hpp">
      <Filter>Header Files</Filter>
    </ClInclude>
    <ClInclude Include="src\UI\Data\JsonIO.hpp">
      <Filter>Header Files</Filter>
    </ClInclude>
    <ClInclude Include="src\UI\Data\JsonMap.hpp">
      <Filter>Header Files</Filter>
    </ClInclude>
    <ClInclude Include="src\UI\Data\StartupInfo.hpp">
      <Filter>Header Files</Filter>
    </ClInclude>
    <ClInclude Include="src\UI\Data\StreamInfo.hpp">
      <Filter>Header Files</Filter>
    </ClInclude>
    <ClInclude Include="src\UI\Data\StyleSheet.hpp">
      <Filter>Header Files</Filter>
    </ClInclude>
    <ClInclude Include="src\UI\Panel\Media\MediaPanel.hpp">
      <Filter>Header Files</Filter>
    </ClInclude>
    <ClInclude Include="src\UI\MediaWallpaper.hpp">
      <Filter>Header Files</Filter>
    </ClInclude>
  </ItemGroup>
  <ItemGroup>
    <Library Include="external\lib\libmpv.dll.a" />
  </ItemGroup>
  <ItemGroup>
    <Image Include="resources\image\MainIcon.ico">
      <Filter>Resource Files</Filter>
    </Image>
    <Image Include="resources\image\Icon.ico">
      <Filter>Resource Files</Filter>
    </Image>
  </ItemGroup>
  <ItemGroup>
    <ResourceCompile Include="MediaWallpaper.rc">
      <Filter>Resource Files</Filter>
    </ResourceCompile>
  </ItemGroup>
  <ItemGroup>
    <QtMoc Include="src\UI\Basic\ComboBox.hpp">
      <Filter>Header Files</Filter>
    </QtMoc>
    <QtMoc Include="src\UI\Basic\Label.hpp">
      <Filter>Header Files</Filter>
    </QtMoc>
    <QtMoc Include="src\UI\Basic\LineEdit.hpp">
      <Filter>Header Files</Filter>
    </QtMoc>
    <QtMoc Include="src\UI\Basic\MessageBox.hpp">
      <Filter>Header Files</Filter>
    </QtMoc>
    <QtMoc Include="src\UI\Basic\Slider.hpp">
      <Filter>Header Files</Filter>
    </QtMoc>
    <QtMoc Include="src\UI\Basic\SliderEdit.hpp">
      <Filter>Header Files</Filter>
    </QtMoc>
    <QtMoc Include="src\UI\Core\APP\APPCore.hpp">
      <Filter>Header Files</Filter>
    </QtMoc>
    <QtMoc Include="src\UI\Core\GUI\GUICore.hpp">
      <Filter>Header Files</Filter>
    </QtMoc>
    <QtMoc Include="src\UI\Core\Media\MediaCore.hpp">
      <Filter>Header Files</Filter>
    </QtMoc>
    <QtMoc Include="src\UI\Panel\Basic\BasicPanel.hpp">
      <Filter>Header Files</Filter>
    </QtMoc>
    <QtMoc Include="src\UI\Panel\Display\DisplayPanel.hpp">
      <Filter>Header Files</Filter>
    </QtMoc>
    <QtMoc Include="src\UI\Panel\File\FilePanel.hpp">
      <Filter>Header Files</Filter>
    </QtMoc>
    <QtMoc Include="src\UI\Panel\Playlist\PlaylistPanel.hpp">
      <Filter>Header Files</Filter>
    </QtMoc>
    <QtMoc Include="src\UI\Panel\Terminal\TerminalPanel.hpp">
      <Filter>Header Files</Filter>
    </QtMoc>
    <QtMoc Include="src\UI\Surface\MainWindow\MainWindow.hpp">
      <Filter>Header Files</Filter>
    </QtMoc>
    <QtMoc Include="src\UI\Surface\SystemTrayIcon\SystemTrayIcon.hpp">
      <Filter>Header Files</Filter>
    </QtMoc>
  </ItemGroup>
  <ItemGroup>
    <ClCompile Include="src\UI\Core\APP\APPCore.cpp">
      <Filter>Source Files</Filter>
    </ClCompile>
    <ClCompile Include="src\UI\Core\GUI\GUICore.cpp">
      <Filter>Source Files</Filter>
    </ClCompile>
    <ClCompile Include="src\UI\Core\Media\MediaCore.cpp">
      <Filter>Source Files</Filter>
    </ClCompile>
    <ClCompile Include="src\UI\Data\DisplayInfo\DisplayInfo.cpp">
      <Filter>Source Files</Filter>
    </ClCompile>
    <ClCompile Include="src\UI\Data\ScreenInfo\ScreenInfo.cpp">
      <Filter>Source Files</Filter>
    </ClCompile>
    <ClCompile Include="src\UI\Data\ShellWindow\ShellWindow.cpp">
      <Filter>Source Files</Filter>
    </ClCompile>
    <ClCompile Include="src\UI\Data\TerminalInfo\TerminalInfo.cpp">
      <Filter>Source Files</Filter>
    </ClCompile>
    <ClCompile Include="src\UI\Data\Translator\Translator.cpp">
      <Filter>Source Files</Filter>
    </ClCompile>
    <ClCompile Include="src\UI\Panel\Basic\BasicPanel.cpp">
      <Filter>Source Files</Filter>
    </ClCompile>
    <ClCompile Include="src\UI\Panel\Display\DisplayPanel.cpp">
      <Filter>Source Files</Filter>
    </ClCompile>
    <ClCompile Include="src\UI\Panel\File\FilePanel.cpp">
      <Filter>Source Files</Filter>
    </ClCompile>
    <ClCompile Include="src\UI\Panel\Media\MediaPanel.cpp">
      <Filter>Source Files</Filter>
    </ClCompile>
    <ClCompile Include="src\UI\Panel\Playlist\PlaylistPanel.cpp">
      <Filter>Source Files</Filter>
    </ClCompile>
    <ClCompile Include="src\UI\Panel\Terminal\TerminalPanel.cpp">
      <Filter>Source Files</Filter>
    </ClCompile>
    <ClCompile Include="src\UI\Surface\MainWindow\MainWindow.cpp">
      <Filter>Source Files</Filter>
    </ClCompile>
    <ClCompile Include="src\UI\Surface\SystemTrayIcon\SystemTrayIcon.cpp">
      <Filter>Source Files</Filter>
    </ClCompile>
    <ClCompile Include="src\main.cpp">
      <Filter>Source Files</Filter>
    </ClCompile>
  </ItemGroup>
  <ItemGroup>
    <None Include="README.md" />
  </ItemGroup>
</Project>