<?xml version="1.0" encoding="utf-8"?>
<Project ToolsVersion="4.0" xmlns="http://schemas.microsoft.com/developer/msbuild/2003">
  <ItemGroup>
    <Filter Include="Source Files">
      <UniqueIdentifier>{4FC737F1-C7A5-4376-A066-2A32D752A2FF}</UniqueIdentifier>
      <Extensions>qml;cpp;c;cc;cxx;def;odl;idl;hpj;bat;asm;asmx</Extensions>
    </Filter>
    <Filter Include="Header Files">
      <UniqueIdentifier>{93995380-89BD-4b04-88EB-625FBE52EBFB}</UniqueIdentifier>
      <Extensions>h;hh;hpp;hxx;hm;inl;inc;xsd</Extensions>
    </Filter>
    <Filter Include="Resource Files">
      <UniqueIdentifier>{67DA6AB6-F800-4c08-8B7A-83BB121AAD01}</UniqueIdentifier>
      <Extensions>qrc;rc;ico;cur;bmp;dlg;rc2;rct;bin;rgs;gif;jpg;jpeg;jpe;resx;tiff;tif;png;wav;mfcribbon-ms</Extensions>
    </Filter>
    <Filter Include="Form Files">
      <UniqueIdentifier>{99349809-55BA-4b9d-BF79-8FDBB0286EB3}</UniqueIdentifier>
      <Extensions>ui</Extensions>
    </Filter>
    <Filter Include="Translation Files">
      <UniqueIdentifier>{639EADAA-A684-42e4-A9AD-28FC9BCB8F7C}</UniqueIdentifier>
      <Extensions>ts</Extensions>
    </Filter>
  </ItemGroup>
  <ItemGroup>
    <ClInclude Include="MediaWallpaper\UI\Basic\Font\Font.hpp">
      <Filter>Header Files</Filter>
    </ClInclude>
    <ClInclude Include="MediaWallpaper\UI\Basic\Converter\Converter.hpp">
      <Filter>Header Files</Filter>
    </ClInclude>
    <ClInclude Include="MediaWallpaper\UI\Basic\DesktopHandle\DesktopHandle.hpp">
      <Filter>Header Files</Filter>
    </ClInclude>
    <ClInclude Include="MediaWallpaper\libmpvcpp\client\code\mpvEndFileReason.hpp">
      <Filter>Header Files</Filter>
    </ClInclude>
    <ClInclude Include="MediaWallpaper\libmpvcpp\client\code\mpvError.hpp">
      <Filter>Header Files</Filter>
    </ClInclude>
    <ClInclude Include="MediaWallpaper\libmpvcpp\client\code\mpvEventID.hpp">
      <Filter>Header Files</Filter>
    </ClInclude>
    <ClInclude Include="MediaWallpaper\libmpvcpp\client\code\mpvFormat.hpp">
      <Filter>Header Files</Filter>
    </ClInclude>
    <ClInclude Include="MediaWallpaper\libmpvcpp\client\code\mpvLogLevel.hpp">
      <Filter>Header Files</Filter>
    </ClInclude>
    <ClInclude Include="MediaWallpaper\libmpvcpp\client\container\mpvByteArray.hpp">
      <Filter>Header Files</Filter>
    </ClInclude>
    <ClInclude Include="MediaWallpaper\libmpvcpp\client\container\mpvEvent.hpp">
      <Filter>Header Files</Filter>
    </ClInclude>
    <ClInclude Include="MediaWallpaper\libmpvcpp\client\container\mpvNode.hpp">
      <Filter>Header Files</Filter>
    </ClInclude>
    <ClInclude Include="MediaWallpaper\libmpvcpp\client\eventcategories\mpvClientEvent.hpp">
      <Filter>Header Files</Filter>
    </ClInclude>
    <ClInclude Include="MediaWallpaper\libmpvcpp\client\eventcategories\mpvCommandEvent.hpp">
      <Filter>Header Files</Filter>
    </ClInclude>
    <ClInclude Include="MediaWallpaper\libmpvcpp\client\eventcategories\mpvEndFileEvent.hpp">
      <Filter>Header Files</Filter>
    </ClInclude>
    <ClInclude Include="MediaWallpaper\libmpvcpp\client\eventcategories\mpvHookEvent.hpp">
      <Filter>Header Files</Filter>
    </ClInclude>
    <ClInclude Include="MediaWallpaper\libmpvcpp\client\eventcategories\mpvLogEvent.hpp">
      <Filter>Header Files</Filter>
    </ClInclude>
    <ClInclude Include="MediaWallpaper\libmpvcpp\client\eventcategories\mpvPropertyEvent.hpp">
      <Filter>Header Files</Filter>
    </ClInclude>
    <ClInclude Include="MediaWallpaper\libmpvcpp\client\eventcategories\mpvStartFileEvent.hpp">
      <Filter>Header Files</Filter>
    </ClInclude>
    <ClInclude Include="MediaWallpaper\libmpvcpp\client\mpvCommand.hpp">
      <Filter>Header Files</Filter>
    </ClInclude>
    <ClInclude Include="MediaWallpaper\libmpvcpp\client\mpvException.hpp">
      <Filter>Header Files</Filter>
    </ClInclude>
    <ClInclude Include="MediaWallpaper\libmpvcpp\client\mpvHandle.hpp">
      <Filter>Header Files</Filter>
    </ClInclude>
    <ClInclude Include="MediaWallpaper\libmpvcpp\client\mpvProperty.hpp">
      <Filter>Header Files</Filter>
    </ClInclude>
    <ClInclude Include="mpv\include\mpv\client.h">
      <Filter>Header Files</Filter>
    </ClInclude>
    <ClInclude Include="mpv\include\mpv\render.h">
      <Filter>Header Files</Filter>
    </ClInclude>
    <ClInclude Include="mpv\include\mpv\render_gl.h">
      <Filter>Header Files</Filter>
    </ClInclude>
    <ClInclude Include="mpv\include\mpv\stream_cb.h">
      <Filter>Header Files</Filter>
    </ClInclude>
    <ClInclude Include="MediaWallpaper\UI\Warpper\MediaData\MediaData.hpp">
      <Filter>Header Files</Filter>
    </ClInclude>
    <ClInclude Include="MediaWallpaper\UI\Warpper\Resources\Resources.hpp">
      <Filter>Header Files</Filter>
    </ClInclude>
    <ClInclude Include="MediaWallpaper\UI\Warpper\Resources\SubResources\BasicGroupBoxRes.hpp">
      <Filter>Header Files</Filter>
    </ClInclude>
    <ClInclude Include="MediaWallpaper\UI\Warpper\Resources\SubResources\FileGroupBoxRes.hpp">
      <Filter>Header Files</Filter>
    </ClInclude>
    <ClInclude Include="MediaWallpaper\UI\Warpper\Resources\SubResources\TerminalGroupBoxRes.hpp">
      <Filter>Header Files</Filter>
    </ClInclude>
    <ClInclude Include="resource.h">
      <Filter>Header Files</Filter>
    </ClInclude>
  </ItemGroup>
  <ItemGroup>
    <ClCompile Include="MediaWallpaper\UI\Basic\Converter\Converter.cpp">
      <Filter>Source Files</Filter>
    </ClCompile>
    <ClCompile Include="MediaWallpaper\UI\Basic\HorizontalSlider\HorizontalSlider.cpp">
      <Filter>Source Files</Filter>
    </ClCompile>
    <ClCompile Include="main.cpp">
      <Filter>Source Files</Filter>
    </ClCompile>
    <ClCompile Include="MediaWallpaper\UI\Basic\LineEdit\LineEdit.cpp">
      <Filter>Source Files</Filter>
    </ClCompile>
    <ClCompile Include="MediaWallpaper\UI\Basic\ComboBox\ComboBox.cpp">
      <Filter>Source Files</Filter>
    </ClCompile>
    <ClCompile Include="MediaWallpaper\libmpvcpp\client\definition\mpvCommand.cpp">
      <Filter>Source Files</Filter>
    </ClCompile>
    <ClCompile Include="MediaWallpaper\libmpvcpp\client\definition\mpvEvent.cpp">
      <Filter>Source Files</Filter>
    </ClCompile>
    <ClCompile Include="MediaWallpaper\libmpvcpp\client\definition\mpvHandle.cpp">
      <Filter>Source Files</Filter>
    </ClCompile>
    <ClCompile Include="MediaWallpaper\libmpvcpp\client\definition\mpvNode.cpp">
      <Filter>Source Files</Filter>
    </ClCompile>
    <ClCompile Include="MediaWallpaper\UI\Warpper\Widget\MediaWidget\MediaWidget.cpp">
      <Filter>Source Files</Filter>
    </ClCompile>
    <ClCompile Include="MediaWallpaper\UI\Warpper\GroupBox\BasicGroupBox\BasicGroupBox.cpp">
      <Filter>Source Files</Filter>
    </ClCompile>
    <ClCompile Include="MediaWallpaper\UI\Warpper\GroupBox\FileGroupBox\FileGroupBox.cpp">
      <Filter>Source Files</Filter>
    </ClCompile>
    <ClCompile Include="MediaWallpaper\UI\Warpper\Widget\PlaylistWidget\PlaylistWidget.cpp">
      <Filter>Source Files</Filter>
    </ClCompile>
    <ClCompile Include="MediaWallpaper\UI\Warpper\Widget\PageWidget\PageWidget.cpp">
      <Filter>Source Files</Filter>
    </ClCompile>
    <ClCompile Include="MediaWallpaper\UI\Warpper\MediaData\MediaData.cpp">
      <Filter>Source Files</Filter>
    </ClCompile>
    <ClCompile Include="MediaWallpaper\UI\Warpper\Widget\PanelWidget\PanelWidget.cpp">
      <Filter>Source Files</Filter>
    </ClCompile>
    <ClCompile Include="MediaWallpaper\UI\Warpper\Widget\MainWindow\MainWindow.cpp">
      <Filter>Source Files</Filter>
    </ClCompile>
    <ClCompile Include="MediaWallpaper\UI\Warpper\GroupBox\TerminalGroupBox\TerminalGroupBox.cpp">
      <Filter>Source Files</Filter>
    </ClCompile>
    <ClCompile Include="MediaWallpaper\MediaWallpaper.cpp">
      <Filter>Source Files</Filter>
    </ClCompile>
    <ClCompile Include="MediaWallpaper\UI\Basic\MessageBox\MessageBox.cpp">
      <Filter>Source Files</Filter>
    </ClCompile>
    <ClCompile Include="MediaWallpaper\UI\Warpper\SystemTrayIcon\SystemTrayIcon.cpp">
      <Filter>Source Files</Filter>
    </ClCompile>
  </ItemGroup>
  <ItemGroup>
    <QtMoc Include="MediaWallpaper\UI\Basic\PushButton\PushButton.hpp">
      <Filter>Header Files</Filter>
    </QtMoc>
    <QtMoc Include="MediaWallpaper\UI\Basic\Label\Label.hpp">
      <Filter>Header Files</Filter>
    </QtMoc>
    <QtMoc Include="MediaWallpaper\UI\Basic\HorizontalSlider\HorizontalSlider.hpp">
      <Filter>Header Files</Filter>
    </QtMoc>
    <QtMoc Include="MediaWallpaper\UI\Basic\LineEdit\LineEdit.hpp">
      <Filter>Header Files</Filter>
    </QtMoc>
    <QtMoc Include="MediaWallpaper\UI\Basic\ComboBox\ComboBox.hpp">
      <Filter>Header Files</Filter>
    </QtMoc>
    <QtMoc Include="MediaWallpaper\UI\Warpper\Widget\MediaWidget\MediaWidget.hpp">
      <Filter>Header Files</Filter>
    </QtMoc>
    <QtMoc Include="MediaWallpaper\UI\Warpper\GroupBox\BasicGroupBox\BasicGroupBox.hpp">
      <Filter>Header Files</Filter>
    </QtMoc>
    <QtMoc Include="MediaWallpaper\UI\Basic\GroupBox\GroupBox.hpp">
      <Filter>Header Files</Filter>
    </QtMoc>
    <QtMoc Include="MediaWallpaper\UI\Warpper\Widget\PlaylistWidget\PlaylistWidget.hpp">
      <Filter>Header Files</Filter>
    </QtMoc>
    <QtMoc Include="MediaWallpaper\UI\Basic\ListWidget\ListWidget.hpp">
      <Filter>Header Files</Filter>
    </QtMoc>
    <QtMoc Include="MediaWallpaper\UI\Basic\RadioButton\RadioButton.hpp">
      <Filter>Header Files</Filter>
    </QtMoc>
    <QtMoc Include="MediaWallpaper\UI\Basic\Widget\Widget.hpp">
      <Filter>Header Files</Filter>
    </QtMoc>
    <QtMoc Include="MediaWallpaper\UI\Warpper\GroupBox\FileGroupBox\FileGroupBox.hpp">
      <Filter>Header Files</Filter>
    </QtMoc>
    <QtMoc Include="MediaWallpaper\UI\Warpper\Widget\PageWidget\PageWidget.hpp">
      <Filter>Header Files</Filter>
    </QtMoc>
    <QtMoc Include="MediaWallpaper\UI\Warpper\Widget\PanelWidget\PanelWidget.hpp">
      <Filter>Header Files</Filter>
    </QtMoc>
    <QtMoc Include="MediaWallpaper\UI\Warpper\Widget\MainWindow\MainWindow.hpp">
      <Filter>Header Files</Filter>
    </QtMoc>
    <QtMoc Include="MediaWallpaper\UI\Warpper\GroupBox\TerminalGroupBox\TerminalGroupBox.hpp">
      <Filter>Header Files</Filter>
    </QtMoc>
    <QtMoc Include="MediaWallpaper\MediaWallPaper.hpp">
      <Filter>Header Files</Filter>
    </QtMoc>
    <QtMoc Include="MediaWallpaper\UI\Basic\MessageBox\MessageBox.hpp">
      <Filter>Header Files</Filter>
    </QtMoc>
    <QtMoc Include="MediaWallpaper\UI\Warpper\SystemTrayIcon\SystemTrayIcon.hpp">
      <Filter>Header Files</Filter>
    </QtMoc>
    <QtMoc Include="MediaWallpaper\UI\Basic\StackedWidget\StackedWidget.hpp">
      <Filter>Header Files</Filter>
    </QtMoc>
  </ItemGroup>
  <ItemGroup>
    <None Include="mpv\mpv.def">
      <Filter>Source Files</Filter>
    </None>
    <None Include="README.md" />
  </ItemGroup>
  <ItemGroup>
    <Library Include="mpv\libmpv.dll.a" />
  </ItemGroup>
  <ItemGroup>
    <ResourceCompile Include="MediaWallpaper.rc">
      <Filter>Resource Files</Filter>
    </ResourceCompile>
  </ItemGroup>
  <ItemGroup>
    <Image Include="resources\image\Icon.ico">
      <Filter>Resource Files</Filter>
    </Image>
  </ItemGroup>
</Project>